
Microsoft Visual Studio Solution File, Format Version 12.00
# Visual Studio Version 16
VisualStudioVersion = 16.0.29418.71
MinimumVisualStudioVersion = 10.0.40219.1
Project("{E24C65DC-7377-472B-9ABA-BC803B73C61A}") = "UmbracoCloudCourse.Web", "UmbracoCloudCourse.Web\", "{2584E7DA-FE46-4319-8C89-31AA6F357F83}"
	ProjectSection(WebsiteProperties) = preProject
		TargetFrameworkMoniker = ".NETFramework,Version%3Dv4.7.2"
		ProjectReferences = "{26f6599b-e765-4156-a240-375ad90f5b3e}|UmbracoCloudCourse.Core.dll;"
		Debug.AspNetCompiler.VirtualPath = "/localhost_5492"
		Debug.AspNetCompiler.PhysicalPath = "UmbracoCloudCourse.Web\"
		Debug.AspNetCompiler.TargetPath = "PrecompiledWeb\localhost_5492\"
		Debug.AspNetCompiler.Updateable = "true"
		Debug.AspNetCompiler.ForceOverwrite = "true"
		Debug.AspNetCompiler.FixedNames = "false"
		Debug.AspNetCompiler.Debug = "True"
		Release.AspNetCompiler.VirtualPath = "/localhost_5492"
		Release.AspNetCompiler.PhysicalPath = "UmbracoCloudCourse.Web\"
		Release.AspNetCompiler.TargetPath = "PrecompiledWeb\localhost_5492\"
		Release.AspNetCompiler.Updateable = "true"
		Release.AspNetCompiler.ForceOverwrite = "true"
		Release.AspNetCompiler.FixedNames = "false"
		Release.AspNetCompiler.Debug = "False"
		VWDPort = "5492"
		SlnRelativePath = "UmbracoCloudCourse.Web\"
		DefaultWebSiteLanguage = "Visual C#"
	EndProjectSection
	ProjectSection(ProjectDependencies) = postProject
		{26F6599B-E765-4156-A240-375AD90F5B3E} = {26F6599B-E765-4156-A240-375AD90F5B3E}
	EndProjectSection
EndProject
Project("{9A19103F-16F7-4668-BE54-9A1E7A4F7556}") = "UmbracoCloudCourse.Core", "UmbracoCloudCourse.Core\UmbracoCloudCourse.Core.csproj", "{26F6599B-E765-4156-A240-375AD90F5B3E}"
EndProject
Global
	GlobalSection(SolutionConfigurationPlatforms) = preSolution
		Debug|Any CPU = Debug|Any CPU
		Release|Any CPU = Release|Any CPU
	EndGlobalSection
	GlobalSection(ProjectConfigurationPlatforms) = postSolution
		{2584E7DA-FE46-4319-8C89-31AA6F357F83}.Debug|Any CPU.ActiveCfg = Debug|Any CPU
		{2584E7DA-FE46-4319-8C89-31AA6F357F83}.Release|Any CPU.ActiveCfg = Debug|Any CPU
		{26F6599B-E765-4156-A240-375AD90F5B3E}.Debug|Any CPU.ActiveCfg = Debug|Any CPU
		{26F6599B-E765-4156-A240-375AD90F5B3E}.Debug|Any CPU.Build.0 = Debug|Any CPU
		{26F6599B-E765-4156-A240-375AD90F5B3E}.Release|Any CPU.ActiveCfg = Release|Any CPU
		{26F6599B-E765-4156-A240-375AD90F5B3E}.Release|Any CPU.Build.0 = Release|Any CPU
	EndGlobalSection
	GlobalSection(SolutionProperties) = preSolution
		HideSolutionNode = FALSE
	EndGlobalSection
	GlobalSection(ExtensibilityGlobals) = postSolution
		SolutionGuid = {97567795-FBDA-4CC3-9269-ECC72417B22A}
	EndGlobalSection
EndGlobal
